// !$*UTF8*$!
{
	archiveVersion = 1;
	classes = {
	};
	objectVersion = 50;
	objects = {

/* Begin PBXBuildFile section */
		F6ED9CCC87A1070EBDCFD4BB /* Pods_MyPayments.framework in Frameworks */ = {isa = PBXBuildFile; fileRef = 845E6468B2937EAB1C3F1A9D /* Pods_MyPayments.framework */; };
		F85F68B7210D1DA60011B54E /* AddTransactionViewController.swift in Sources */ = {isa = PBXBuildFile; fileRef = F85F68B6210D1DA60011B54E /* AddTransactionViewController.swift */; };
		F85F68BA210D1F260011B54E /* AddBankViewController.swift in Sources */ = {isa = PBXBuildFile; fileRef = F85F68B8210D1F260011B54E /* AddBankViewController.swift */; };
		F85F68BB210D1F260011B54E /* AddBankViewController.xib in Resources */ = {isa = PBXBuildFile; fileRef = F85F68B9210D1F260011B54E /* AddBankViewController.xib */; };
		F872A297210D4EAB000682F0 /* UIViewController+Extension.swift in Sources */ = {isa = PBXBuildFile; fileRef = F872A296210D4EAB000682F0 /* UIViewController+Extension.swift */; };
		F8885B76210D59290085B326 /* awsconfiguration.json in Resources */ = {isa = PBXBuildFile; fileRef = F8885B75210D59280085B326 /* awsconfiguration.json */; };
		F8885B78210D594B0085B326 /* Bank.swift in Sources */ = {isa = PBXBuildFile; fileRef = F8885B77210D594B0085B326 /* Bank.swift */; };
		F8B184F3210D1B3100E2D6D3 /* AppDelegate.swift in Sources */ = {isa = PBXBuildFile; fileRef = F8B184F2210D1B3100E2D6D3 /* AppDelegate.swift */; };
		F8B184F5210D1B3100E2D6D3 /* ViewController.swift in Sources */ = {isa = PBXBuildFile; fileRef = F8B184F4210D1B3100E2D6D3 /* ViewController.swift */; };
		F8B184F8210D1B3100E2D6D3 /* Main.storyboard in Resources */ = {isa = PBXBuildFile; fileRef = F8B184F6210D1B3100E2D6D3 /* Main.storyboard */; };
		F8B184FA210D1B3200E2D6D3 /* Assets.xcassets in Resources */ = {isa = PBXBuildFile; fileRef = F8B184F9210D1B3200E2D6D3 /* Assets.xcassets */; };
		F8B184FD210D1B3200E2D6D3 /* LaunchScreen.storyboard in Resources */ = {isa = PBXBuildFile; fileRef = F8B184FB210D1B3200E2D6D3 /* LaunchScreen.storyboard */; };
		F8DE2CBC21729DDD00482E2F /* SignUpViewController.swift in Sources */ = {isa = PBXBuildFile; fileRef = F8DE2CBA21729DDD00482E2F /* SignUpViewController.swift */; };
		F8DE2CBD21729DDD00482E2F /* SignUpViewController.xib in Resources */ = {isa = PBXBuildFile; fileRef = F8DE2CBB21729DDD00482E2F /* SignUpViewController.xib */; };
		F8DE2CBF2172A03500482E2F /* Constants.swift in Sources */ = {isa = PBXBuildFile; fileRef = F8DE2CBE2172A03500482E2F /* Constants.swift */; };
		F8DE2CC22172A5E800482E2F /* ConfirmSignUpViewController.swift in Sources */ = {isa = PBXBuildFile; fileRef = F8DE2CC02172A5E800482E2F /* ConfirmSignUpViewController.swift */; };
		F8DE2CC32172A5E800482E2F /* ConfirmSignUpViewController.xib in Resources */ = {isa = PBXBuildFile; fileRef = F8DE2CC12172A5E800482E2F /* ConfirmSignUpViewController.xib */; };
		F8DE2CC62172EEC800482E2F /* SignInViewController.swift in Sources */ = {isa = PBXBuildFile; fileRef = F8DE2CC42172EEC800482E2F /* SignInViewController.swift */; };
		F8DE2CC72172EEC800482E2F /* SignInViewController.xib in Resources */ = {isa = PBXBuildFile; fileRef = F8DE2CC52172EEC800482E2F /* SignInViewController.xib */; };
/* End PBXBuildFile section */

/* Begin PBXFileReference section */
		13495C2097FE33AC4DCBA499 /* Pods-MyPayments.debug.xcconfig */ = {isa = PBXFileReference; includeInIndex = 1; lastKnownFileType = text.xcconfig; name = "Pods-MyPayments.debug.xcconfig"; path = "Pods/Target Support Files/Pods-MyPayments/Pods-MyPayments.debug.xcconfig"; sourceTree = "<group>"; };
		845E6468B2937EAB1C3F1A9D /* Pods_MyPayments.framework */ = {isa = PBXFileReference; explicitFileType = wrapper.framework; includeInIndex = 0; path = Pods_MyPayments.framework; sourceTree = BUILT_PRODUCTS_DIR; };
		E349D1E9BB0AAD7E2EE7D88F /* Pods-MyPayments.release.xcconfig */ = {isa = PBXFileReference; includeInIndex = 1; lastKnownFileType = text.xcconfig; name = "Pods-MyPayments.release.xcconfig"; path = "Pods/Target Support Files/Pods-MyPayments/Pods-MyPayments.release.xcconfig"; sourceTree = "<group>"; };
		F85F68B6210D1DA60011B54E /* AddTransactionViewController.swift */ = {isa = PBXFileReference; lastKnownFileType = sourcecode.swift; path = AddTransactionViewController.swift; sourceTree = "<group>"; };
		F85F68B8210D1F260011B54E /* AddBankViewController.swift */ = {isa = PBXFileReference; lastKnownFileType = sourcecode.swift; path = AddBankViewController.swift; sourceTree = "<group>"; };
		F85F68B9210D1F260011B54E /* AddBankViewController.xib */ = {isa = PBXFileReference; lastKnownFileType = file.xib; path = AddBankViewController.xib; sourceTree = "<group>"; };
		F872A296210D4EAB000682F0 /* UIViewController+Extension.swift */ = {isa = PBXFileReference; lastKnownFileType = sourcecode.swift; path = "UIViewController+Extension.swift"; sourceTree = "<group>"; };
		F8885B75210D59280085B326 /* awsconfiguration.json */ = {isa = PBXFileReference; fileEncoding = 4; lastKnownFileType = text.json; path = awsconfiguration.json; sourceTree = "<group>"; };
		F8885B77210D594B0085B326 /* Bank.swift */ = {isa = PBXFileReference; fileEncoding = 4; lastKnownFileType = sourcecode.swift; path = Bank.swift; sourceTree = "<group>"; };
		F8B184EF210D1B3100E2D6D3 /* MyPayments.app */ = {isa = PBXFileReference; explicitFileType = wrapper.application; includeInIndex = 0; path = MyPayments.app; sourceTree = BUILT_PRODUCTS_DIR; };
		F8B184F2210D1B3100E2D6D3 /* AppDelegate.swift */ = {isa = PBXFileReference; lastKnownFileType = sourcecode.swift; path = AppDelegate.swift; sourceTree = "<group>"; };
		F8B184F4210D1B3100E2D6D3 /* ViewController.swift */ = {isa = PBXFileReference; lastKnownFileType = sourcecode.swift; path = ViewController.swift; sourceTree = "<group>"; };
		F8B184F7210D1B3100E2D6D3 /* Base */ = {isa = PBXFileReference; lastKnownFileType = file.storyboard; name = Base; path = Base.lproj/Main.storyboard; sourceTree = "<group>"; };
		F8B184F9210D1B3200E2D6D3 /* Assets.xcassets */ = {isa = PBXFileReference; lastKnownFileType = folder.assetcatalog; path = Assets.xcassets; sourceTree = "<group>"; };
		F8B184FC210D1B3200E2D6D3 /* Base */ = {isa = PBXFileReference; lastKnownFileType = file.storyboard; name = Base; path = Base.lproj/LaunchScreen.storyboard; sourceTree = "<group>"; };
		F8B184FE210D1B3200E2D6D3 /* Info.plist */ = {isa = PBXFileReference; lastKnownFileType = text.plist.xml; path = Info.plist; sourceTree = "<group>"; };
		F8DE2CBA21729DDD00482E2F /* SignUpViewController.swift */ = {isa = PBXFileReference; lastKnownFileType = sourcecode.swift; path = SignUpViewController.swift; sourceTree = "<group>"; };
		F8DE2CBB21729DDD00482E2F /* SignUpViewController.xib */ = {isa = PBXFileReference; lastKnownFileType = file.xib; path = SignUpViewController.xib; sourceTree = "<group>"; };
		F8DE2CBE2172A03500482E2F /* Constants.swift */ = {isa = PBXFileReference; lastKnownFileType = sourcecode.swift; path = Constants.swift; sourceTree = "<group>"; };
		F8DE2CC02172A5E800482E2F /* ConfirmSignUpViewController.swift */ = {isa = PBXFileReference; lastKnownFileType = sourcecode.swift; path = ConfirmSignUpViewController.swift; sourceTree = "<group>"; };
		F8DE2CC12172A5E800482E2F /* ConfirmSignUpViewController.xib */ = {isa = PBXFileReference; lastKnownFileType = file.xib; path = ConfirmSignUpViewController.xib; sourceTree = "<group>"; };
		F8DE2CC42172EEC800482E2F /* SignInViewController.swift */ = {isa = PBXFileReference; lastKnownFileType = sourcecode.swift; path = SignInViewController.swift; sourceTree = "<group>"; };
		F8DE2CC52172EEC800482E2F /* SignInViewController.xib */ = {isa = PBXFileReference; lastKnownFileType = file.xib; path = SignInViewController.xib; sourceTree = "<group>"; };
/* End PBXFileReference section */

/* Begin PBXFrameworksBuildPhase section */
		F8B184EC210D1B3100E2D6D3 /* Frameworks */ = {
			isa = PBXFrameworksBuildPhase;
			buildActionMask = 2147483647;
			files = (
				F6ED9CCC87A1070EBDCFD4BB /* Pods_MyPayments.framework in Frameworks */,
			);
			runOnlyForDeploymentPostprocessing = 0;
		};
/* End PBXFrameworksBuildPhase section */

/* Begin PBXGroup section */
		2190E8659BB1129A84A29E8F /* Pods */ = {
			isa = PBXGroup;
			children = (
				13495C2097FE33AC4DCBA499 /* Pods-MyPayments.debug.xcconfig */,
				E349D1E9BB0AAD7E2EE7D88F /* Pods-MyPayments.release.xcconfig */,
			);
			name = Pods;
			sourceTree = "<group>";
		};
		E6C2494F2A456130A3A31EDB /* Frameworks */ = {
			isa = PBXGroup;
			children = (
				845E6468B2937EAB1C3F1A9D /* Pods_MyPayments.framework */,
			);
			name = Frameworks;
			sourceTree = "<group>";
		};
		F85F68BC210D216A0011B54E /* Bank */ = {
			isa = PBXGroup;
			children = (
				F85F68B8210D1F260011B54E /* AddBankViewController.swift */,
				F85F68B9210D1F260011B54E /* AddBankViewController.xib */,
			);
			path = Bank;
			sourceTree = "<group>";
		};
		F85F68BE210D218A0011B54E /* Transaction */ = {
			isa = PBXGroup;
			children = (
				F85F68B6210D1DA60011B54E /* AddTransactionViewController.swift */,
			);
			path = Transaction;
			sourceTree = "<group>";
		};
		F872A295210D4E7C000682F0 /* Extensions */ = {
			isa = PBXGroup;
			children = (
				F872A296210D4EAB000682F0 /* UIViewController+Extension.swift */,
			);
			path = Extensions;
			sourceTree = "<group>";
		};
		F8B184E6210D1B3100E2D6D3 = {
			isa = PBXGroup;
			children = (
				F8B184F1210D1B3100E2D6D3 /* MyPayments */,
				F8B184F0210D1B3100E2D6D3 /* Products */,
				2190E8659BB1129A84A29E8F /* Pods */,
				E6C2494F2A456130A3A31EDB /* Frameworks */,
			);
			sourceTree = "<group>";
		};
		F8B184F0210D1B3100E2D6D3 /* Products */ = {
			isa = PBXGroup;
			children = (
				F8B184EF210D1B3100E2D6D3 /* MyPayments.app */,
			);
			name = Products;
			sourceTree = "<group>";
		};
		F8B184F1210D1B3100E2D6D3 /* MyPayments */ = {
			isa = PBXGroup;
			children = (
				F8DE2CA2217282D400482E2F /* Authentication */,
				F8885B75210D59280085B326 /* awsconfiguration.json */,
				F85F68BE210D218A0011B54E /* Transaction */,
				F85F68BC210D216A0011B54E /* Bank */,
				F8B184F2210D1B3100E2D6D3 /* AppDelegate.swift */,
				F8B184F4210D1B3100E2D6D3 /* ViewController.swift */,
				F8885B77210D594B0085B326 /* Bank.swift */,
				F8B184F6210D1B3100E2D6D3 /* Main.storyboard */,
				F8B184F9210D1B3200E2D6D3 /* Assets.xcassets */,
				F8B184FB210D1B3200E2D6D3 /* LaunchScreen.storyboard */,
				F8B184FE210D1B3200E2D6D3 /* Info.plist */,
				F872A295210D4E7C000682F0 /* Extensions */,
				F8DE2CBE2172A03500482E2F /* Constants.swift */,
			);
			path = MyPayments;
			sourceTree = "<group>";
		};
		F8DE2CA2217282D400482E2F /* Authentication */ = {
			isa = PBXGroup;
			children = (
				F8DE2CBA21729DDD00482E2F /* SignUpViewController.swift */,
				F8DE2CBB21729DDD00482E2F /* SignUpViewController.xib */,
				F8DE2CC02172A5E800482E2F /* ConfirmSignUpViewController.swift */,
				F8DE2CC12172A5E800482E2F /* ConfirmSignUpViewController.xib */,
				F8DE2CC42172EEC800482E2F /* SignInViewController.swift */,
				F8DE2CC52172EEC800482E2F /* SignInViewController.xib */,
			);
			path = Authentication;
			sourceTree = "<group>";
		};
/* End PBXGroup section */

/* Begin PBXNativeTarget section */
		F8B184EE210D1B3100E2D6D3 /* MyPayments */ = {
			isa = PBXNativeTarget;
			buildConfigurationList = F8B18501210D1B3200E2D6D3 /* Build configuration list for PBXNativeTarget "MyPayments" */;
			buildPhases = (
				A2275BF18899D03D50E83253 /* [CP] Check Pods Manifest.lock */,
				F8B184EB210D1B3100E2D6D3 /* Sources */,
				F8B184EC210D1B3100E2D6D3 /* Frameworks */,
				F8B184ED210D1B3100E2D6D3 /* Resources */,
				6BAB12A08591C0B0EC598B0F /* [CP] Embed Pods Frameworks */,
			);
			buildRules = (
			);
			dependencies = (
			);
			name = MyPayments;
			productName = MyPayments;
			productReference = F8B184EF210D1B3100E2D6D3 /* MyPayments.app */;
			productType = "com.apple.product-type.application";
		};
/* End PBXNativeTarget section */

/* Begin PBXProject section */
		F8B184E7210D1B3100E2D6D3 /* Project object */ = {
			isa = PBXProject;
			attributes = {
				LastSwiftUpdateCheck = 0940;
				LastUpgradeCheck = 0940;
				ORGANIZATIONNAME = Blackmoon;
				TargetAttributes = {
					F8B184EE210D1B3100E2D6D3 = {
						CreatedOnToolsVersion = 9.4.1;
					};
				};
			};
			buildConfigurationList = F8B184EA210D1B3100E2D6D3 /* Build configuration list for PBXProject "MyPayments" */;
			compatibilityVersion = "Xcode 9.3";
			developmentRegion = en;
			hasScannedForEncodings = 0;
			knownRegions = (
				en,
				Base,
			);
			mainGroup = F8B184E6210D1B3100E2D6D3;
			productRefGroup = F8B184F0210D1B3100E2D6D3 /* Products */;
			projectDirPath = "";
			projectRoot = "";
			targets = (
				F8B184EE210D1B3100E2D6D3 /* MyPayments */,
			);
		};
/* End PBXProject section */

/* Begin PBXResourcesBuildPhase section */
		F8B184ED210D1B3100E2D6D3 /* Resources */ = {
			isa = PBXResourcesBuildPhase;
			buildActionMask = 2147483647;
			files = (
				F8DE2CC72172EEC800482E2F /* SignInViewController.xib in Resources */,
				F8DE2CC32172A5E800482E2F /* ConfirmSignUpViewController.xib in Resources */,
				F8885B76210D59290085B326 /* awsconfiguration.json in Resources */,
				F8B184FD210D1B3200E2D6D3 /* LaunchScreen.storyboard in Resources */,
				F8B184FA210D1B3200E2D6D3 /* Assets.xcassets in Resources */,
				F85F68BB210D1F260011B54E /* AddBankViewController.xib in Resources */,
				F8DE2CBD21729DDD00482E2F /* SignUpViewController.xib in Resources */,
				F8B184F8210D1B3100E2D6D3 /* Main.storyboard in Resources */,
			);
			runOnlyForDeploymentPostprocessing = 0;
		};
/* End PBXResourcesBuildPhase section */

/* Begin PBXShellScriptBuildPhase section */
		6BAB12A08591C0B0EC598B0F /* [CP] Embed Pods Frameworks */ = {
			isa = PBXShellScriptBuildPhase;
			buildActionMask = 2147483647;
			files = (
			);
			inputPaths = (
				"${SRCROOT}/Pods/Target Support Files/Pods-MyPayments/Pods-MyPayments-frameworks.sh",
				"${BUILT_PRODUCTS_DIR}/AWSAuthCore/AWSAuthCore.framework",
				"${BUILT_PRODUCTS_DIR}/AWSCognitoIdentityProvider/AWSCognitoIdentityProvider.framework",
				"${BUILT_PRODUCTS_DIR}/AWSCognitoIdentityProviderASF/AWSCognitoIdentityProviderASF.framework",
				"${BUILT_PRODUCTS_DIR}/AWSCore/AWSCore.framework",
				"${BUILT_PRODUCTS_DIR}/AWSDynamoDB/AWSDynamoDB.framework",
				"${BUILT_PRODUCTS_DIR}/AWSMobileClient/AWSMobileClient.framework",
				"${BUILT_PRODUCTS_DIR}/RxCocoa/RxCocoa.framework",
				"${BUILT_PRODUCTS_DIR}/RxSwift/RxSwift.framework",
			);
			name = "[CP] Embed Pods Frameworks";
			outputPaths = (
				"${TARGET_BUILD_DIR}/${FRAMEWORKS_FOLDER_PATH}/AWSAuthCore.framework",
				"${TARGET_BUILD_DIR}/${FRAMEWORKS_FOLDER_PATH}/AWSCognitoIdentityProvider.framework",
				"${TARGET_BUILD_DIR}/${FRAMEWORKS_FOLDER_PATH}/AWSCognitoIdentityProviderASF.framework",
				"${TARGET_BUILD_DIR}/${FRAMEWORKS_FOLDER_PATH}/AWSCore.framework",
				"${TARGET_BUILD_DIR}/${FRAMEWORKS_FOLDER_PATH}/AWSDynamoDB.framework",
				"${TARGET_BUILD_DIR}/${FRAMEWORKS_FOLDER_PATH}/AWSMobileClient.framework",
				"${TARGET_BUILD_DIR}/${FRAMEWORKS_FOLDER_PATH}/RxCocoa.framework",
				"${TARGET_BUILD_DIR}/${FRAMEWORKS_FOLDER_PATH}/RxSwift.framework",
			);
			runOnlyForDeploymentPostprocessing = 0;
			shellPath = /bin/sh;
			shellScript = "\"${SRCROOT}/Pods/Target Support Files/Pods-MyPayments/Pods-MyPayments-frameworks.sh\"\n";
			showEnvVarsInLog = 0;
		};
		A2275BF18899D03D50E83253 /* [CP] Check Pods Manifest.lock */ = {
			isa = PBXShellScriptBuildPhase;
			buildActionMask = 2147483647;
			files = (
			);
			inputPaths = (
				"${PODS_PODFILE_DIR_PATH}/Podfile.lock",
				"${PODS_ROOT}/Manifest.lock",
			);
			name = "[CP] Check Pods Manifest.lock";
			outputPaths = (
				"$(DERIVED_FILE_DIR)/Pods-MyPayments-checkManifestLockResult.txt",
			);
			runOnlyForDeploymentPostprocessing = 0;
			shellPath = /bin/sh;
			shellScript = "diff \"${PODS_PODFILE_DIR_PATH}/Podfile.lock\" \"${PODS_ROOT}/Manifest.lock\" > /dev/null\nif [ $? != 0 ] ; then\n    # print error to STDERR\n    echo \"error: The sandbox is not in sync with the Podfile.lock. Run 'pod install' or update your CocoaPods installation.\" >&2\n    exit 1\nfi\n# This output is used by Xcode 'outputs' to avoid re-running this script phase.\necho \"SUCCESS\" > \"${SCRIPT_OUTPUT_FILE_0}\"\n";
			showEnvVarsInLog = 0;
		};
/* End PBXShellScriptBuildPhase section */

/* Begin PBXSourcesBuildPhase section */
		F8B184EB210D1B3100E2D6D3 /* Sources */ = {
			isa = PBXSourcesBuildPhase;
			buildActionMask = 2147483647;
			files = (
				F872A297210D4EAB000682F0 /* UIViewController+Extension.swift in Sources */,
				F8DE2CC22172A5E800482E2F /* ConfirmSignUpViewController.swift in Sources */,
				F8DE2CBC21729DDD00482E2F /* SignUpViewController.swift in Sources */,
				F85F68B7210D1DA60011B54E /* AddTransactionViewController.swift in Sources */,
				F8B184F5210D1B3100E2D6D3 /* ViewController.swift in Sources */,
				F8885B78210D594B0085B326 /* Bank.swift in Sources */,
				F85F68BA210D1F260011B54E /* AddBankViewController.swift in Sources */,
				F8B184F3210D1B3100E2D6D3 /* AppDelegate.swift in Sources */,
				F8DE2CC62172EEC800482E2F /* SignInViewController.swift in Sources */,
				F8DE2CBF2172A03500482E2F /* Constants.swift in Sources */,
			);
			runOnlyForDeploymentPostprocessing = 0;
		};
/* End PBXSourcesBuildPhase section */

/* Begin PBXVariantGroup section */
		F8B184F6210D1B3100E2D6D3 /* Main.storyboard */ = {
			isa = PBXVariantGroup;
			children = (
				F8B184F7210D1B3100E2D6D3 /* Base */,
			);
			name = Main.storyboard;
			sourceTree = "<group>";
		};
		F8B184FB210D1B3200E2D6D3 /* LaunchScreen.storyboard */ = {
			isa = PBXVariantGroup;
			children = (
				F8B184FC210D1B3200E2D6D3 /* Base */,
			);
			name = LaunchScreen.storyboard;
			sourceTree = "<group>";
		};
/* End PBXVariantGroup section */

/* Begin XCBuildConfiguration section */
		F8B184FF210D1B3200E2D6D3 /* Debug */ = {
			isa = XCBuildConfiguration;
			buildSettings = {
				ALWAYS_SEARCH_USER_PATHS = NO;
				CLANG_ANALYZER_NONNULL = YES;
				CLANG_ANALYZER_NUMBER_OBJECT_CONVERSION = YES_AGGRESSIVE;
				CLANG_CXX_LANGUAGE_STANDARD = "gnu++14";
				CLANG_CXX_LIBRARY = "libc++";
				CLANG_ENABLE_MODULES = YES;
				CLANG_ENABLE_OBJC_ARC = YES;
				CLANG_ENABLE_OBJC_WEAK = YES;
				CLANG_WARN_BLOCK_CAPTURE_AUTORELEASING = YES;
				CLANG_WARN_BOOL_CONVERSION = YES;
				CLANG_WARN_COMMA = YES;
				CLANG_WARN_CONSTANT_CONVERSION = YES;
				CLANG_WARN_DEPRECATED_OBJC_IMPLEMENTATIONS = YES;
				CLANG_WARN_DIRECT_OBJC_ISA_USAGE = YES_ERROR;
				CLANG_WARN_DOCUMENTATION_COMMENTS = YES;
				CLANG_WARN_EMPTY_BODY = YES;
				CLANG_WARN_ENUM_CONVERSION = YES;
				CLANG_WARN_INFINITE_RECURSION = YES;
				CLANG_WARN_INT_CONVERSION = YES;
				CLANG_WARN_NON_LITERAL_NULL_CONVERSION = YES;
				CLANG_WARN_OBJC_IMPLICIT_RETAIN_SELF = YES;
				CLANG_WARN_OBJC_LITERAL_CONVERSION = YES;
				CLANG_WARN_OBJC_ROOT_CLASS = YES_ERROR;
				CLANG_WARN_RANGE_LOOP_ANALYSIS = YES;
				CLANG_WARN_STRICT_PROTOTYPES = YES;
				CLANG_WARN_SUSPICIOUS_MOVE = YES;
				CLANG_WARN_UNGUARDED_AVAILABILITY = YES_AGGRESSIVE;
				CLANG_WARN_UNREACHABLE_CODE = YES;
				CLANG_WARN__DUPLICATE_METHOD_MATCH = YES;
				CODE_SIGN_IDENTITY = "iPhone Developer";
				COPY_PHASE_STRIP = NO;
				DEBUG_INFORMATION_FORMAT = dwarf;
				ENABLE_STRICT_OBJC_MSGSEND = YES;
				ENABLE_TESTABILITY = YES;
				GCC_C_LANGUAGE_STANDARD = gnu11;
				GCC_DYNAMIC_NO_PIC = NO;
				GCC_NO_COMMON_BLOCKS = YES;
				GCC_OPTIMIZATION_LEVEL = 0;
				GCC_PREPROCESSOR_DEFINITIONS = (
					"DEBUG=1",
					"$(inherited)",
				);
				GCC_WARN_64_TO_32_BIT_CONVERSION = YES;
				GCC_WARN_ABOUT_RETURN_TYPE = YES_ERROR;
				GCC_WARN_UNDECLARED_SELECTOR = YES;
				GCC_WARN_UNINITIALIZED_AUTOS = YES_AGGRESSIVE;
				GCC_WARN_UNUSED_FUNCTION = YES;
				GCC_WARN_UNUSED_VARIABLE = YES;
				IPHONEOS_DEPLOYMENT_TARGET = 11.4;
				MTL_ENABLE_DEBUG_INFO = YES;
				ONLY_ACTIVE_ARCH = YES;
				SDKROOT = iphoneos;
				SWIFT_ACTIVE_COMPILATION_CONDITIONS = DEBUG;
				SWIFT_OPTIMIZATION_LEVEL = "-Onone";
			};
			name = Debug;
		};
		F8B18500210D1B3200E2D6D3 /* Release */ = {
			isa = XCBuildConfiguration;
			buildSettings = {
				ALWAYS_SEARCH_USER_PATHS = NO;
				CLANG_ANALYZER_NONNULL = YES;
				CLANG_ANALYZER_NUMBER_OBJECT_CONVERSION = YES_AGGRESSIVE;
				CLANG_CXX_LANGUAGE_STANDARD = "gnu++14";
				CLANG_CXX_LIBRARY = "libc++";
				CLANG_ENABLE_MODULES = YES;
				CLANG_ENABLE_OBJC_ARC = YES;
				CLANG_ENABLE_OBJC_WEAK = YES;
				CLANG_WARN_BLOCK_CAPTURE_AUTORELEASING = YES;
				CLANG_WARN_BOOL_CONVERSION = YES;
				CLANG_WARN_COMMA = YES;
				CLANG_WARN_CONSTANT_CONVERSION = YES;
				CLANG_WARN_DEPRECATED_OBJC_IMPLEMENTATIONS = YES;
				CLANG_WARN_DIRECT_OBJC_ISA_USAGE = YES_ERROR;
				CLANG_WARN_DOCUMENTATION_COMMENTS = YES;
				CLANG_WARN_EMPTY_BODY = YES;
				CLANG_WARN_ENUM_CONVERSION = YES;
				CLANG_WARN_INFINITE_RECURSION = YES;
				CLANG_WARN_INT_CONVERSION = YES;
				CLANG_WARN_NON_LITERAL_NULL_CONVERSION = YES;
				CLANG_WARN_OBJC_IMPLICIT_RETAIN_SELF = YES;
				CLANG_WARN_OBJC_LITERAL_CONVERSION = YES;
				CLANG_WARN_OBJC_ROOT_CLASS = YES_ERROR;
				CLANG_WARN_RANGE_LOOP_ANALYSIS = YES;
				CLANG_WARN_STRICT_PROTOTYPES = YES;
				CLANG_WARN_SUSPICIOUS_MOVE = YES;
				CLANG_WARN_UNGUARDED_AVAILABILITY = YES_AGGRESSIVE;
				CLANG_WARN_UNREACHABLE_CODE = YES;
				CLANG_WARN__DUPLICATE_METHOD_MATCH = YES;
				CODE_SIGN_IDENTITY = "iPhone Developer";
				COPY_PHASE_STRIP = NO;
				DEBUG_INFORMATION_FORMAT = "dwarf-with-dsym";
				ENABLE_NS_ASSERTIONS = NO;
				ENABLE_STRICT_OBJC_MSGSEND = YES;
				GCC_C_LANGUAGE_STANDARD = gnu11;
				GCC_NO_COMMON_BLOCKS = YES;
				GCC_WARN_64_TO_32_BIT_CONVERSION = YES;
				GCC_WARN_ABOUT_RETURN_TYPE = YES_ERROR;
				GCC_WARN_UNDECLARED_SELECTOR = YES;
				GCC_WARN_UNINITIALIZED_AUTOS = YES_AGGRESSIVE;
				GCC_WARN_UNUSED_FUNCTION = YES;
				GCC_WARN_UNUSED_VARIABLE = YES;
				IPHONEOS_DEPLOYMENT_TARGET = 11.4;
				MTL_ENABLE_DEBUG_INFO = NO;
				SDKROOT = iphoneos;
				SWIFT_COMPILATION_MODE = wholemodule;
				SWIFT_OPTIMIZATION_LEVEL = "-O";
				VALIDATE_PRODUCT = YES;
			};
			name = Release;
		};
		F8B18502210D1B3200E2D6D3 /* Debug */ = {
			isa = XCBuildConfiguration;
			baseConfigurationReference = 13495C2097FE33AC4DCBA499 /* Pods-MyPayments.debug.xcconfig */;
			buildSettings = {
				ASSETCATALOG_COMPILER_APPICON_NAME = AppIcon;
				CODE_SIGN_STYLE = Automatic;
				INFOPLIST_FILE = MyPayments/Info.plist;
				LD_RUNPATH_SEARCH_PATHS = (
					"$(inherited)",
					"@executable_path/Frameworks",
				);
				PRODUCT_BUNDLE_IDENTIFIER = com.blackmoon.sn.MyPayments;
				PRODUCT_NAME = "$(TARGET_NAME)";
				SWIFT_VERSION = 3.0;
				TARGETED_DEVICE_FAMILY = "1,2";
			};
			name = Debug;
		};
		F8B18503210D1B3200E2D6D3 /* Release */ = {
			isa = XCBuildConfiguration;
			baseConfigurationReference = E349D1E9BB0AAD7E2EE7D88F /* Pods-MyPayments.release.xcconfig */;
			buildSettings = {
				ASSETCATALOG_COMPILER_APPICON_NAME = AppIcon;
				CODE_SIGN_STYLE = Automatic;
				INFOPLIST_FILE = MyPayments/Info.plist;
				LD_RUNPATH_SEARCH_PATHS = (
					"$(inherited)",
					"@executable_path/Frameworks",
				);
				PRODUCT_BUNDLE_IDENTIFIER = com.blackmoon.sn.MyPayments;
				PRODUCT_NAME = "$(TARGET_NAME)";
				SWIFT_VERSION = 3.0;
				TARGETED_DEVICE_FAMILY = "1,2";
			};
			name = Release;
		};
/* End XCBuildConfiguration section */

/* Begin XCConfigurationList section */
		F8B184EA210D1B3100E2D6D3 /* Build configuration list for PBXProject "MyPayments" */ = {
			isa = XCConfigurationList;
			buildConfigurations = (
				F8B184FF210D1B3200E2D6D3 /* Debug */,
				F8B18500210D1B3200E2D6D3 /* Release */,
			);
			defaultConfigurationIsVisible = 0;
			defaultConfigurationName = Release;
		};
		F8B18501210D1B3200E2D6D3 /* Build configuration list for PBXNativeTarget "MyPayments" */ = {
			isa = XCConfigurationList;
			buildConfigurations = (
				F8B18502210D1B3200E2D6D3 /* Debug */,
				F8B18503210D1B3200E2D6D3 /* Release */,
			);
			defaultConfigurationIsVisible = 0;
			defaultConfigurationName = Release;
		};
/* End XCConfigurationList section */
	};
	rootObject = F8B184E7210D1B3100E2D6D3 /* Project object */;
}
